
Microsoft Visual Studio Solution File, Format Version 12.00
# Visual Studio Version 16
VisualStudioVersion = 16.0.31729.503
MinimumVisualStudioVersion = 10.0.40219.1
Project("{FAE04EC0-301F-11D3-BF4B-00C04F79EFBC}") = "BepMiniHack", "BepMiniHack.csproj", "{381D3762-D847-43F9-BF4B-971DFA137348}"
EndProject
Global
	GlobalSection(SolutionConfigurationPlatforms) = preSolution
		Debug|Any CPU = Debug|Any CPU
		Release|Any CPU = Release|Any CPU
	EndGlobalSection
	GlobalSection(ProjectConfigurationPlatforms) = postSolution
		{381D3762-D847-43F9-BF4B-971DFA137348}.Debug|Any CPU.ActiveCfg = Debug|Any CPU
		{381D3762-D847-43F9-BF4B-971DFA137348}.Debug|Any CPU.Build.0 = Debug|Any CPU
		{381D3762-D847-43F9-BF4B-971DFA137348}.Release|Any CPU.ActiveCfg = Release|Any CPU
		{381D3762-D847-43F9-BF4B-971DFA137348}.Release|Any CPU.Build.0 = Release|Any CPU
	EndGlobalSection
	GlobalSection(SolutionProperties) = preSolution
		HideSolutionNode = FALSE
	EndGlobalSection
	GlobalSection(ExtensibilityGlobals) = postSolution
		SolutionGuid = {81D21A9C-4C58-488A-B075-ABFA85243022}
	EndGlobalSection
EndGlobal
